// !$*UTF8*$!
{
	archiveVersion = 1;
	classes = {
	};
	objectVersion = 46;
	objects = {

/* Begin PBXBuildFile section */
		849C248D1EADC052009EC473 /* rectangleType.cpp in Sources */ = {isa = PBXBuildFile; fileRef = 849C248A1EADC052009EC473 /* rectangleType.cpp */; };
		849C248E1EADC052009EC473 /* boxType.cpp in Sources */ = {isa = PBXBuildFile; fileRef = 849C248C1EADC052009EC473 /* boxType.cpp */; };
		849C24911EADCE35009EC473 /* treasureChest.cpp in Sources */ = {isa = PBXBuildFile; fileRef = 849C24901EADCE35009EC473 /* treasureChest.cpp */; };
		849C24931EAE794E009EC473 /* treasureChestTester.cpp in Sources */ = {isa = PBXBuildFile; fileRef = 849C24921EAE794E009EC473 /* treasureChestTester.cpp */; };
/* End PBXBuildFile section */

/* Begin PBXCopyFilesBuildPhase section */
		849C247B1EADBF44009EC473 /* CopyFiles */ = {
			isa = PBXCopyFilesBuildPhase;
			buildActionMask = 2147483647;
			dstPath = /usr/share/man/man1/;
			dstSubfolderSpec = 0;
			files = (
			);
			runOnlyForDeploymentPostprocessing = 1;
		};
/* End PBXCopyFilesBuildPhase section */

/* Begin PBXFileReference section */
		849C247D1EADBF44009EC473 /* Homework2 */ = {isa = PBXFileReference; explicitFileType = "compiled.mach-o.executable"; includeInIndex = 0; path = Homework2; sourceTree = BUILT_PRODUCTS_DIR; };
		849C24891EADC052009EC473 /* rectangleType.h */ = {isa = PBXFileReference; fileEncoding = 4; lastKnownFileType = sourcecode.c.h; path = rectangleType.h; sourceTree = "<group>"; };
		849C248A1EADC052009EC473 /* rectangleType.cpp */ = {isa = PBXFileReference; fileEncoding = 4; lastKnownFileType = sourcecode.cpp.cpp; path = rectangleType.cpp; sourceTree = "<group>"; };
		849C248B1EADC052009EC473 /* boxType.h */ = {isa = PBXFileReference; fileEncoding = 4; lastKnownFileType = sourcecode.c.h; path = boxType.h; sourceTree = "<group>"; };
		849C248C1EADC052009EC473 /* boxType.cpp */ = {isa = PBXFileReference; fileEncoding = 4; lastKnownFileType = sourcecode.cpp.cpp; path = boxType.cpp; sourceTree = "<group>"; };
		849C248F1EADC8B4009EC473 /* treasureChest.h */ = {isa = PBXFileReference; lastKnownFileType = sourcecode.c.h; path = treasureChest.h; sourceTree = "<group>"; };
		849C24901EADCE35009EC473 /* treasureChest.cpp */ = {isa = PBXFileReference; fileEncoding = 4; lastKnownFileType = sourcecode.cpp.cpp; path = treasureChest.cpp; sourceTree = "<group>"; };
		849C24921EAE794E009EC473 /* treasureChestTester.cpp */ = {isa = PBXFileReference; fileEncoding = 4; lastKnownFileType = sourcecode.cpp.cpp; path = treasureChestTester.cpp; sourceTree = "<group>"; };
/* End PBXFileReference section */

/* Begin PBXFrameworksBuildPhase section */
		849C247A1EADBF44009EC473 /* Frameworks */ = {
			isa = PBXFrameworksBuildPhase;
			buildActionMask = 2147483647;
			files = (
			);
			runOnlyForDeploymentPostprocessing = 0;
		};
/* End PBXFrameworksBuildPhase section */

/* Begin PBXGroup section */
		849C24741EADBF44009EC473 = {
			isa = PBXGroup;
			children = (
				849C247F1EADBF44009EC473 /* Homework2 */,
				849C247E1EADBF44009EC473 /* Products */,
			);
			sourceTree = "<group>";
		};
		849C247E1EADBF44009EC473 /* Products */ = {
			isa = PBXGroup;
			children = (
				849C247D1EADBF44009EC473 /* Homework2 */,
			);
			name = Products;
			sourceTree = "<group>";
		};
		849C247F1EADBF44009EC473 /* Homework2 */ = {
			isa = PBXGroup;
			children = (
				849C24921EAE794E009EC473 /* treasureChestTester.cpp */,
				849C24891EADC052009EC473 /* rectangleType.h */,
				849C248A1EADC052009EC473 /* rectangleType.cpp */,
				849C248F1EADC8B4009EC473 /* treasureChest.h */,
				849C24901EADCE35009EC473 /* treasureChest.cpp */,
				849C248B1EADC052009EC473 /* boxType.h */,
				849C248C1EADC052009EC473 /* boxType.cpp */,
			);
			path = Homework2;
			sourceTree = "<group>";
		};
/* End PBXGroup section */

/* Begin PBXNativeTarget section */
		849C247C1EADBF44009EC473 /* Homework2 */ = {
			isa = PBXNativeTarget;
			buildConfigurationList = 849C24841EADBF44009EC473 /* Build configuration list for PBXNativeTarget "Homework2" */;
			buildPhases = (
				849C24791EADBF44009EC473 /* Sources */,
				849C247A1EADBF44009EC473 /* Frameworks */,
				849C247B1EADBF44009EC473 /* CopyFiles */,
			);
			buildRules = (
			);
			dependencies = (
			);
			name = Homework2;
			productName = Homework2;
			productReference = 849C247D1EADBF44009EC473 /* Homework2 */;
			productType = "com.apple.product-type.tool";
		};
/* End PBXNativeTarget section */

/* Begin PBXProject section */
		849C24751EADBF44009EC473 /* Project object */ = {
			isa = PBXProject;
			attributes = {
				LastUpgradeCheck = 0830;
				ORGANIZATIONNAME = "Remillard Tech";
				TargetAttributes = {
					849C247C1EADBF44009EC473 = {
						CreatedOnToolsVersion = 8.3.2;
						ProvisioningStyle = Automatic;
					};
				};
			};
			buildConfigurationList = 849C24781EADBF44009EC473 /* Build configuration list for PBXProject "Homework2" */;
			compatibilityVersion = "Xcode 3.2";
			developmentRegion = English;
			hasScannedForEncodings = 0;
			knownRegions = (
				en,
			);
			mainGroup = 849C24741EADBF44009EC473;
			productRefGroup = 849C247E1EADBF44009EC473 /* Products */;
			projectDirPath = "";
			projectRoot = "";
			targets = (
				849C247C1EADBF44009EC473 /* Homework2 */,
			);
		};
/* End PBXProject section */

/* Begin PBXSourcesBuildPhase section */
		849C24791EADBF44009EC473 /* Sources */ = {
			isa = PBXSourcesBuildPhase;
			buildActionMask = 2147483647;
			files = (
				849C24931EAE794E009EC473 /* treasureChestTester.cpp in Sources */,
				849C24911EADCE35009EC473 /* treasureChest.cpp in Sources */,
				849C248E1EADC052009EC473 /* boxType.cpp in Sources */,
				849C248D1EADC052009EC473 /* rectangleType.cpp in Sources */,
			);
			runOnlyForDeploymentPostprocessing = 0;
		};
/* End PBXSourcesBuildPhase section */

/* Begin XCBuildConfiguration section */
		849C24821EADBF44009EC473 /* Debug */ = {
			isa = XCBuildConfiguration;
			buildSettings = {
				ALWAYS_SEARCH_USER_PATHS = NO;
				CLANG_ANALYZER_NONNULL = YES;
				CLANG_ANALYZER_NUMBER_OBJECT_CONVERSION = YES_AGGRESSIVE;
				CLANG_CXX_LANGUAGE_STANDARD = "gnu++0x";
				CLANG_CXX_LIBRARY = "libc++";
				CLANG_ENABLE_MODULES = YES;
				CLANG_ENABLE_OBJC_ARC = YES;
				CLANG_WARN_BOOL_CONVERSION = YES;
				CLANG_WARN_CONSTANT_CONVERSION = YES;
				CLANG_WARN_DIRECT_OBJC_ISA_USAGE = YES_ERROR;
				CLANG_WARN_DOCUMENTATION_COMMENTS = YES;
				CLANG_WARN_EMPTY_BODY = YES;
				CLANG_WARN_ENUM_CONVERSION = YES;
				CLANG_WARN_INFINITE_RECURSION = YES;
				CLANG_WARN_INT_CONVERSION = YES;
				CLANG_WARN_OBJC_ROOT_CLASS = YES_ERROR;
				CLANG_WARN_SUSPICIOUS_MOVE = YES;
				CLANG_WARN_UNREACHABLE_CODE = YES;
				CLANG_WARN__DUPLICATE_METHOD_MATCH = YES;
				CODE_SIGN_IDENTITY = "-";
				COPY_PHASE_STRIP = NO;
				DEBUG_INFORMATION_FORMAT = dwarf;
				ENABLE_STRICT_OBJC_MSGSEND = YES;
				ENABLE_TESTABILITY = YES;
				GCC_C_LANGUAGE_STANDARD = gnu99;
				GCC_DYNAMIC_NO_PIC = NO;
				GCC_NO_COMMON_BLOCKS = YES;
				GCC_OPTIMIZATION_LEVEL = 0;
				GCC_PREPROCESSOR_DEFINITIONS = (
					"DEBUG=1",
					"$(inherited)",
				);
				GCC_WARN_64_TO_32_BIT_CONVERSION = YES;
				GCC_WARN_ABOUT_RETURN_TYPE = YES_ERROR;
				GCC_WARN_UNDECLARED_SELECTOR = YES;
				GCC_WARN_UNINITIALIZED_AUTOS = YES_AGGRESSIVE;
				GCC_WARN_UNUSED_FUNCTION = YES;
				GCC_WARN_UNUSED_VARIABLE = YES;
				MACOSX_DEPLOYMENT_TARGET = 10.12;
				MTL_ENABLE_DEBUG_INFO = YES;
				ONLY_ACTIVE_ARCH = YES;
				SDKROOT = macosx;
			};
			name = Debug;
		};
		849C24831EADBF44009EC473 /* Release */ = {
			isa = XCBuildConfiguration;
			buildSettings = {
				ALWAYS_SEARCH_USER_PATHS = NO;
				CLANG_ANALYZER_NONNULL = YES;
				CLANG_ANALYZER_NUMBER_OBJECT_CONVERSION = YES_AGGRESSIVE;
				CLANG_CXX_LANGUAGE_STANDARD = "gnu++0x";
				CLANG_CXX_LIBRARY = "libc++";
				CLANG_ENABLE_MODULES = YES;
				CLANG_ENABLE_OBJC_ARC = YES;
				CLANG_WARN_BOOL_CONVERSION = YES;
				CLANG_WARN_CONSTANT_CONVERSION = YES;
				CLANG_WARN_DIRECT_OBJC_ISA_USAGE = YES_ERROR;
				CLANG_WARN_DOCUMENTATION_COMMENTS = YES;
				CLANG_WARN_EMPTY_BODY = YES;
				CLANG_WARN_ENUM_CONVERSION = YES;
				CLANG_WARN_INFINITE_RECURSION = YES;
				CLANG_WARN_INT_CONVERSION = YES;
				CLANG_WARN_OBJC_ROOT_CLASS = YES_ERROR;
				CLANG_WARN_SUSPICIOUS_MOVE = YES;
				CLANG_WARN_UNREACHABLE_CODE = YES;
				CLANG_WARN__DUPLICATE_METHOD_MATCH = YES;
				CODE_SIGN_IDENTITY = "-";
				COPY_PHASE_STRIP = NO;
				DEBUG_INFORMATION_FORMAT = "dwarf-with-dsym";
				ENABLE_NS_ASSERTIONS = NO;
				ENABLE_STRICT_OBJC_MSGSEND = YES;
				GCC_C_LANGUAGE_STANDARD = gnu99;
				GCC_NO_COMMON_BLOCKS = YES;
				GCC_WARN_64_TO_32_BIT_CONVERSION = YES;
				GCC_WARN_ABOUT_RETURN_TYPE = YES_ERROR;
				GCC_WARN_UNDECLARED_SELECTOR = YES;
				GCC_WARN_UNINITIALIZED_AUTOS = YES_AGGRESSIVE;
				GCC_WARN_UNUSED_FUNCTION = YES;
				GCC_WARN_UNUSED_VARIABLE = YES;
				MACOSX_DEPLOYMENT_TARGET = 10.12;
				MTL_ENABLE_DEBUG_INFO = NO;
				SDKROOT = macosx;
			};
			name = Release;
		};
		849C24851EADBF44009EC473 /* Debug */ = {
			isa = XCBuildConfiguration;
			buildSettings = {
				PRODUCT_NAME = "$(TARGET_NAME)";
			};
			name = Debug;
		};
		849C24861EADBF44009EC473 /* Release */ = {
			isa = XCBuildConfiguration;
			buildSettings = {
				PRODUCT_NAME = "$(TARGET_NAME)";
			};
			name = Release;
		};
/* End XCBuildConfiguration section */

/* Begin XCConfigurationList section */
		849C24781EADBF44009EC473 /* Build configuration list for PBXProject "Homework2" */ = {
			isa = XCConfigurationList;
			buildConfigurations = (
				849C24821EADBF44009EC473 /* Debug */,
				849C24831EADBF44009EC473 /* Release */,
			);
			defaultConfigurationIsVisible = 0;
			defaultConfigurationName = Release;
		};
		849C24841EADBF44009EC473 /* Build configuration list for PBXNativeTarget "Homework2" */ = {
			isa = XCConfigurationList;
			buildConfigurations = (
				849C24851EADBF44009EC473 /* Debug */,
				849C24861EADBF44009EC473 /* Release */,
			);
			defaultConfigurationIsVisible = 0;
		};
/* End XCConfigurationList section */
	};
	rootObject = 849C24751EADBF44009EC473 /* Project object */;
}
